
Microsoft Visual Studio Solution File, Format Version 12.00
# Visual Studio Version 17
VisualStudioVersion = 17.14.36310.24 d17.14
MinimumVisualStudioVersion = 10.0.40219.1
Project("{FAE04EC0-301F-11D3-BF4B-00C04F79EFBC}") = "2.Day2", "Day2\2.Day2.csproj", "{2CA7C824-EDFA-405C-A345-3D8960A95676}"
EndProject
Project("{FAE04EC0-301F-11D3-BF4B-00C04F79EFBC}") = "2.Day2Assi", "2.Day2Assi\2.Day2Assi.csproj", "{6500327F-1D3D-4249-80B6-5E63F550BD85}"
EndProject
Global
	GlobalSection(SolutionConfigurationPlatforms) = preSolution
		Debug|Any CPU = Debug|Any CPU
		Release|Any CPU = Release|Any CPU
	EndGlobalSection
	GlobalSection(ProjectConfigurationPlatforms) = postSolution
		{2CA7C824-EDFA-405C-A345-3D8960A95676}.Debug|Any CPU.ActiveCfg = Debug|Any CPU
		{2CA7C824-EDFA-405C-A345-3D8960A95676}.Debug|Any CPU.Build.0 = Debug|Any CPU
		{2CA7C824-EDFA-405C-A345-3D8960A95676}.Release|Any CPU.ActiveCfg = Release|Any CPU
		{2CA7C824-EDFA-405C-A345-3D8960A95676}.Release|Any CPU.Build.0 = Release|Any CPU
		{6500327F-1D3D-4249-80B6-5E63F550BD85}.Debug|Any CPU.ActiveCfg = Debug|Any CPU
		{6500327F-1D3D-4249-80B6-5E63F550BD85}.Debug|Any CPU.Build.0 = Debug|Any CPU
		{6500327F-1D3D-4249-80B6-5E63F550BD85}.Release|Any CPU.ActiveCfg = Release|Any CPU
		{6500327F-1D3D-4249-80B6-5E63F550BD85}.Release|Any CPU.Build.0 = Release|Any CPU
	EndGlobalSection
	GlobalSection(SolutionProperties) = preSolution
		HideSolutionNode = FALSE
	EndGlobalSection
	GlobalSection(ExtensibilityGlobals) = postSolution
		SolutionGuid = {F515195E-E16C-46A6-8FCE-4C6C476E1B9F}
	EndGlobalSection
EndGlobal
